
Microsoft Visual Studio Solution File, Format Version 12.00
# Visual Studio Version 17
VisualStudioVersion = 17.13.35617.110 d17.13
MinimumVisualStudioVersion = 10.0.40219.1
Project("{FAE04EC0-301F-11D3-BF4B-00C04F79EFBC}") = "Contact", "Contact\Contact.csproj", "{667BF4DC-32AF-4F0D-AACB-FF05C0BFEEB4}"
EndProject
Global
	GlobalSection(SolutionConfigurationPlatforms) = preSolution
		Debug|Any CPU = Debug|Any CPU
		Release|Any CPU = Release|Any CPU
	EndGlobalSection
	GlobalSection(ProjectConfigurationPlatforms) = postSolution
		{667BF4DC-32AF-4F0D-AACB-FF05C0BFEEB4}.Debug|Any CPU.ActiveCfg = Debug|Any CPU
		{667BF4DC-32AF-4F0D-AACB-FF05C0BFEEB4}.Debug|Any CPU.Build.0 = Debug|Any CPU
		{667BF4DC-32AF-4F0D-AACB-FF05C0BFEEB4}.Release|Any CPU.ActiveCfg = Release|Any CPU
		{667BF4DC-32AF-4F0D-AACB-FF05C0BFEEB4}.Release|Any CPU.Build.0 = Release|Any CPU
	EndGlobalSection
	GlobalSection(SolutionProperties) = preSolution
		HideSolutionNode = FALSE
	EndGlobalSection
	GlobalSection(ExtensibilityGlobals) = postSolution
		SolutionGuid = {6E73DB7B-215D-42A3-B2AE-06FE820F288E}
	EndGlobalSection
EndGlobal
